
Microsoft Visual Studio Solution File, Format Version 12.00
# Visual Studio Version 17
VisualStudioVersion = 17.0.32112.339
MinimumVisualStudioVersion = 10.0.40219.1
Project("{FAE04EC0-301F-11D3-BF4B-00C04F79EFBC}") = "1-ejercicios-8", "1-ejercicios-8\1-ejercicios-8.csproj", "{27456FE5-D10C-4090-91AB-C7AE0DB2BA11}"
EndProject
Global
	GlobalSection(SolutionConfigurationPlatforms) = preSolution
		Debug|Any CPU = Debug|Any CPU
		Release|Any CPU = Release|Any CPU
	EndGlobalSection
	GlobalSection(ProjectConfigurationPlatforms) = postSolution
		{27456FE5-D10C-4090-91AB-C7AE0DB2BA11}.Debug|Any CPU.ActiveCfg = Debug|Any CPU
		{27456FE5-D10C-4090-91AB-C7AE0DB2BA11}.Debug|Any CPU.Build.0 = Debug|Any CPU
		{27456FE5-D10C-4090-91AB-C7AE0DB2BA11}.Release|Any CPU.ActiveCfg = Release|Any CPU
		{27456FE5-D10C-4090-91AB-C7AE0DB2BA11}.Release|Any CPU.Build.0 = Release|Any CPU
	EndGlobalSection
	GlobalSection(SolutionProperties) = preSolution
		HideSolutionNode = FALSE
	EndGlobalSection
	GlobalSection(ExtensibilityGlobals) = postSolution
		SolutionGuid = {A5051865-2AAB-402C-A030-D131B757DA53}
	EndGlobalSection
EndGlobal
