
Microsoft Visual Studio Solution File, Format Version 12.00
# Visual Studio Version 17
VisualStudioVersion = 17.0.32112.339
MinimumVisualStudioVersion = 10.0.40219.1
Project("{FAE04EC0-301F-11D3-BF4B-00C04F79EFBC}") = "1-project-4", "1-project-4\1-project-4.csproj", "{CE93082E-E760-4447-8F73-949334E580DB}"
EndProject
Global
	GlobalSection(SolutionConfigurationPlatforms) = preSolution
		Debug|Any CPU = Debug|Any CPU
		Release|Any CPU = Release|Any CPU
	EndGlobalSection
	GlobalSection(ProjectConfigurationPlatforms) = postSolution
		{CE93082E-E760-4447-8F73-949334E580DB}.Debug|Any CPU.ActiveCfg = Debug|Any CPU
		{CE93082E-E760-4447-8F73-949334E580DB}.Debug|Any CPU.Build.0 = Debug|Any CPU
		{CE93082E-E760-4447-8F73-949334E580DB}.Release|Any CPU.ActiveCfg = Release|Any CPU
		{CE93082E-E760-4447-8F73-949334E580DB}.Release|Any CPU.Build.0 = Release|Any CPU
	EndGlobalSection
	GlobalSection(SolutionProperties) = preSolution
		HideSolutionNode = FALSE
	EndGlobalSection
	GlobalSection(ExtensibilityGlobals) = postSolution
		SolutionGuid = {B439FEA7-67AA-444F-B5C6-D3EEB188D3EC}
	EndGlobalSection
EndGlobal
