
Microsoft Visual Studio Solution File, Format Version 12.00
# Visual Studio Version 16
VisualStudioVersion = 16.0.32407.337
MinimumVisualStudioVersion = 10.0.40219.1
Project("{9A19103F-16F7-4668-BE54-9A1E7A4F7556}") = "Herencia", "Herencia\Herencia.csproj", "{C86702C2-E124-4A6C-B5A8-7EDD159CD727}"
EndProject
Project("{FAE04EC0-301F-11D3-BF4B-00C04F79EFBC}") = "Entidades", "Entidades\Entidades.csproj", "{9524950C-BE24-4BF6-9DD0-85C8197C6AE7}"
EndProject
Global
	GlobalSection(SolutionConfigurationPlatforms) = preSolution
		Debug|Any CPU = Debug|Any CPU
		Release|Any CPU = Release|Any CPU
	EndGlobalSection
	GlobalSection(ProjectConfigurationPlatforms) = postSolution
		{C86702C2-E124-4A6C-B5A8-7EDD159CD727}.Debug|Any CPU.ActiveCfg = Debug|Any CPU
		{C86702C2-E124-4A6C-B5A8-7EDD159CD727}.Debug|Any CPU.Build.0 = Debug|Any CPU
		{C86702C2-E124-4A6C-B5A8-7EDD159CD727}.Release|Any CPU.ActiveCfg = Release|Any CPU
		{C86702C2-E124-4A6C-B5A8-7EDD159CD727}.Release|Any CPU.Build.0 = Release|Any CPU
		{9524950C-BE24-4BF6-9DD0-85C8197C6AE7}.Debug|Any CPU.ActiveCfg = Debug|Any CPU
		{9524950C-BE24-4BF6-9DD0-85C8197C6AE7}.Debug|Any CPU.Build.0 = Debug|Any CPU
		{9524950C-BE24-4BF6-9DD0-85C8197C6AE7}.Release|Any CPU.ActiveCfg = Release|Any CPU
		{9524950C-BE24-4BF6-9DD0-85C8197C6AE7}.Release|Any CPU.Build.0 = Release|Any CPU
	EndGlobalSection
	GlobalSection(SolutionProperties) = preSolution
		HideSolutionNode = FALSE
	EndGlobalSection
	GlobalSection(ExtensibilityGlobals) = postSolution
		SolutionGuid = {2E206885-8278-4FFB-A92D-DB1D656909C6}
	EndGlobalSection
EndGlobal
