
Microsoft Visual Studio Solution File, Format Version 12.00
# Visual Studio Version 17
VisualStudioVersion = 17.0.32112.339
MinimumVisualStudioVersion = 10.0.40219.1
Project("{FAE04EC0-301F-11D3-BF4B-00C04F79EFBC}") = "1-project-5", "1-project-5\1-project-5.csproj", "{C45FBF99-B33D-4D4F-A345-845841A0E098}"
EndProject
Global
	GlobalSection(SolutionConfigurationPlatforms) = preSolution
		Debug|Any CPU = Debug|Any CPU
		Release|Any CPU = Release|Any CPU
	EndGlobalSection
	GlobalSection(ProjectConfigurationPlatforms) = postSolution
		{C45FBF99-B33D-4D4F-A345-845841A0E098}.Debug|Any CPU.ActiveCfg = Debug|Any CPU
		{C45FBF99-B33D-4D4F-A345-845841A0E098}.Debug|Any CPU.Build.0 = Debug|Any CPU
		{C45FBF99-B33D-4D4F-A345-845841A0E098}.Release|Any CPU.ActiveCfg = Release|Any CPU
		{C45FBF99-B33D-4D4F-A345-845841A0E098}.Release|Any CPU.Build.0 = Release|Any CPU
	EndGlobalSection
	GlobalSection(SolutionProperties) = preSolution
		HideSolutionNode = FALSE
	EndGlobalSection
	GlobalSection(ExtensibilityGlobals) = postSolution
		SolutionGuid = {762FDFF2-828A-4B14-9E3D-10015D328F08}
	EndGlobalSection
EndGlobal
